
Microsoft Visual Studio Solution File, Format Version 11.00
# Visual Studio 2010
Project("{8BC9CEB8-8B4A-11D0-8D11-00A0C91BC942}") = "gmc4sim", "gmc4sim.vcxproj", "{E8805D0E-CD3F-4772-986C-C79713742DDD}"
EndProject
Project("{8BC9CEB8-8B4A-11D0-8D11-00A0C91BC942}") = "gmc4tool", "gmc4tool.vcxproj", "{DAA868D4-3420-4063-85F0-789E4904E120}"
EndProject
Global
	GlobalSection(SolutionConfigurationPlatforms) = preSolution
		Debug|Win32 = Debug|Win32
		Release|Win32 = Release|Win32
	EndGlobalSection
	GlobalSection(ProjectConfigurationPlatforms) = postSolution
		{E8805D0E-CD3F-4772-986C-C79713742DDD}.Debug|Win32.ActiveCfg = Debug|Win32
		{E8805D0E-CD3F-4772-986C-C79713742DDD}.Debug|Win32.Build.0 = Debug|Win32
		{E8805D0E-CD3F-4772-986C-C79713742DDD}.Release|Win32.ActiveCfg = Release|Win32
		{E8805D0E-CD3F-4772-986C-C79713742DDD}.Release|Win32.Build.0 = Release|Win32
		{DAA868D4-3420-4063-85F0-789E4904E120}.Debug|Win32.ActiveCfg = Debug|Win32
		{DAA868D4-3420-4063-85F0-789E4904E120}.Debug|Win32.Build.0 = Debug|Win32
		{DAA868D4-3420-4063-85F0-789E4904E120}.Release|Win32.ActiveCfg = Release|Win32
		{DAA868D4-3420-4063-85F0-789E4904E120}.Release|Win32.Build.0 = Release|Win32
	EndGlobalSection
	GlobalSection(SolutionProperties) = preSolution
		HideSolutionNode = FALSE
	EndGlobalSection
EndGlobal
